
Microsoft Visual Studio Solution File, Format Version 12.00
# Visual Studio Version 16
VisualStudioVersion = 16.0.29409.12
MinimumVisualStudioVersion = 10.0.40219.1
Project("{FAE04EC0-301F-11D3-BF4B-00C04F79EFBC}") = "DodoCafe.Networking.Sockets", "DodoCafe.Networking.Sockets\DodoCafe.Networking.Sockets.csproj", "{1F214755-BE7D-4F83-B525-08D5C97814FA}"
EndProject
Project("{FAE04EC0-301F-11D3-BF4B-00C04F79EFBC}") = "DodoCafe.Networking.Sockets.Tests", "DodoCafe.Networking.Sockets.Tests\DodoCafe.Networking.Sockets.Tests.csproj", "{EC107B7A-89FF-4DB8-B85A-59F769F599CA}"
EndProject
Project("{FAE04EC0-301F-11D3-BF4B-00C04F79EFBC}") = "DodoCafe.Wrappers", "DodoCafe.Wrappers\DodoCafe.Wrappers.csproj", "{F8FC68B7-72B9-4E1B-B90D-E702730A57FC}"
EndProject
Project("{FAE04EC0-301F-11D3-BF4B-00C04F79EFBC}") = "DodoCafe.Networking", "DodoCafe.Networking\DodoCafe.Networking.csproj", "{D6102FBE-A642-489E-94A0-E85C028722F2}"
EndProject
Project("{FAE04EC0-301F-11D3-BF4B-00C04F79EFBC}") = "DodoCafe.Wrappers.Mocks", "DodoCafe.Wrappers.Mocks\DodoCafe.Wrappers.Mocks.csproj", "{A68CF500-47FC-4D76-B59D-E1C76C3108D3}"
EndProject
Project("{FAE04EC0-301F-11D3-BF4B-00C04F79EFBC}") = "DodoCafe.Networking.Tests", "DodoCafe.Networking.Tests\DodoCafe.Networking.Tests.csproj", "{65E518DB-C51D-435F-8043-FC636852D81A}"
EndProject
Project("{FAE04EC0-301F-11D3-BF4B-00C04F79EFBC}") = "DodoCafe.Networking.Sockets.Mocks", "DodoCafe.Networking.Sockets.Mocks\DodoCafe.Networking.Sockets.Mocks.csproj", "{B105F651-76DA-4054-B794-4A77815A7111}"
EndProject
Global
	GlobalSection(SolutionConfigurationPlatforms) = preSolution
		Debug|Any CPU = Debug|Any CPU
		Debug|ARM = Debug|ARM
		Debug|ARM64 = Debug|ARM64
		Debug|x64 = Debug|x64
		Debug|x86 = Debug|x86
		Release|Any CPU = Release|Any CPU
		Release|ARM = Release|ARM
		Release|ARM64 = Release|ARM64
		Release|x64 = Release|x64
		Release|x86 = Release|x86
	EndGlobalSection
	GlobalSection(ProjectConfigurationPlatforms) = postSolution
		{1F214755-BE7D-4F83-B525-08D5C97814FA}.Debug|Any CPU.ActiveCfg = Debug|Any CPU
		{1F214755-BE7D-4F83-B525-08D5C97814FA}.Debug|Any CPU.Build.0 = Debug|Any CPU
		{1F214755-BE7D-4F83-B525-08D5C97814FA}.Debug|ARM.ActiveCfg = Debug|ARM
		{1F214755-BE7D-4F83-B525-08D5C97814FA}.Debug|ARM.Build.0 = Debug|ARM
		{1F214755-BE7D-4F83-B525-08D5C97814FA}.Debug|ARM64.ActiveCfg = Debug|ARM64
		{1F214755-BE7D-4F83-B525-08D5C97814FA}.Debug|ARM64.Build.0 = Debug|ARM64
		{1F214755-BE7D-4F83-B525-08D5C97814FA}.Debug|x64.ActiveCfg = Debug|x64
		{1F214755-BE7D-4F83-B525-08D5C97814FA}.Debug|x64.Build.0 = Debug|x64
		{1F214755-BE7D-4F83-B525-08D5C97814FA}.Debug|x86.ActiveCfg = Debug|x86
		{1F214755-BE7D-4F83-B525-08D5C97814FA}.Debug|x86.Build.0 = Debug|x86
		{1F214755-BE7D-4F83-B525-08D5C97814FA}.Release|Any CPU.ActiveCfg = Release|Any CPU
		{1F214755-BE7D-4F83-B525-08D5C97814FA}.Release|Any CPU.Build.0 = Release|Any CPU
		{1F214755-BE7D-4F83-B525-08D5C97814FA}.Release|ARM.ActiveCfg = Release|ARM
		{1F214755-BE7D-4F83-B525-08D5C97814FA}.Release|ARM.Build.0 = Release|ARM
		{1F214755-BE7D-4F83-B525-08D5C97814FA}.Release|ARM64.ActiveCfg = Release|ARM64
		{1F214755-BE7D-4F83-B525-08D5C97814FA}.Release|ARM64.Build.0 = Release|ARM64
		{1F214755-BE7D-4F83-B525-08D5C97814FA}.Release|x64.ActiveCfg = Release|x64
		{1F214755-BE7D-4F83-B525-08D5C97814FA}.Release|x64.Build.0 = Release|x64
		{1F214755-BE7D-4F83-B525-08D5C97814FA}.Release|x86.ActiveCfg = Release|x86
		{1F214755-BE7D-4F83-B525-08D5C97814FA}.Release|x86.Build.0 = Release|x86
		{EC107B7A-89FF-4DB8-B85A-59F769F599CA}.Debug|Any CPU.ActiveCfg = Debug|x86
		{EC107B7A-89FF-4DB8-B85A-59F769F599CA}.Debug|ARM.ActiveCfg = Debug|ARM
		{EC107B7A-89FF-4DB8-B85A-59F769F599CA}.Debug|ARM.Build.0 = Debug|ARM
		{EC107B7A-89FF-4DB8-B85A-59F769F599CA}.Debug|ARM.Deploy.0 = Debug|ARM
		{EC107B7A-89FF-4DB8-B85A-59F769F599CA}.Debug|ARM64.ActiveCfg = Debug|ARM64
		{EC107B7A-89FF-4DB8-B85A-59F769F599CA}.Debug|ARM64.Build.0 = Debug|ARM64
		{EC107B7A-89FF-4DB8-B85A-59F769F599CA}.Debug|ARM64.Deploy.0 = Debug|ARM64
		{EC107B7A-89FF-4DB8-B85A-59F769F599CA}.Debug|x64.ActiveCfg = Debug|x64
		{EC107B7A-89FF-4DB8-B85A-59F769F599CA}.Debug|x64.Build.0 = Debug|x64
		{EC107B7A-89FF-4DB8-B85A-59F769F599CA}.Debug|x64.Deploy.0 = Debug|x64
		{EC107B7A-89FF-4DB8-B85A-59F769F599CA}.Debug|x86.ActiveCfg = Debug|x86
		{EC107B7A-89FF-4DB8-B85A-59F769F599CA}.Debug|x86.Build.0 = Debug|x86
		{EC107B7A-89FF-4DB8-B85A-59F769F599CA}.Debug|x86.Deploy.0 = Debug|x86
		{EC107B7A-89FF-4DB8-B85A-59F769F599CA}.Release|Any CPU.ActiveCfg = Release|x86
		{EC107B7A-89FF-4DB8-B85A-59F769F599CA}.Release|ARM.ActiveCfg = Release|ARM
		{EC107B7A-89FF-4DB8-B85A-59F769F599CA}.Release|ARM.Build.0 = Release|ARM
		{EC107B7A-89FF-4DB8-B85A-59F769F599CA}.Release|ARM.Deploy.0 = Release|ARM
		{EC107B7A-89FF-4DB8-B85A-59F769F599CA}.Release|ARM64.ActiveCfg = Release|ARM64
		{EC107B7A-89FF-4DB8-B85A-59F769F599CA}.Release|ARM64.Build.0 = Release|ARM64
		{EC107B7A-89FF-4DB8-B85A-59F769F599CA}.Release|ARM64.Deploy.0 = Release|ARM64
		{EC107B7A-89FF-4DB8-B85A-59F769F599CA}.Release|x64.ActiveCfg = Release|x64
		{EC107B7A-89FF-4DB8-B85A-59F769F599CA}.Release|x64.Build.0 = Release|x64
		{EC107B7A-89FF-4DB8-B85A-59F769F599CA}.Release|x64.Deploy.0 = Release|x64
		{EC107B7A-89FF-4DB8-B85A-59F769F599CA}.Release|x86.ActiveCfg = Release|x86
		{EC107B7A-89FF-4DB8-B85A-59F769F599CA}.Release|x86.Build.0 = Release|x86
		{EC107B7A-89FF-4DB8-B85A-59F769F599CA}.Release|x86.Deploy.0 = Release|x86
		{F8FC68B7-72B9-4E1B-B90D-E702730A57FC}.Debug|Any CPU.ActiveCfg = Debug|Any CPU
		{F8FC68B7-72B9-4E1B-B90D-E702730A57FC}.Debug|Any CPU.Build.0 = Debug|Any CPU
		{F8FC68B7-72B9-4E1B-B90D-E702730A57FC}.Debug|ARM.ActiveCfg = Debug|ARM
		{F8FC68B7-72B9-4E1B-B90D-E702730A57FC}.Debug|ARM.Build.0 = Debug|ARM
		{F8FC68B7-72B9-4E1B-B90D-E702730A57FC}.Debug|ARM64.ActiveCfg = Debug|ARM64
		{F8FC68B7-72B9-4E1B-B90D-E702730A57FC}.Debug|ARM64.Build.0 = Debug|ARM64
		{F8FC68B7-72B9-4E1B-B90D-E702730A57FC}.Debug|x64.ActiveCfg = Debug|x64
		{F8FC68B7-72B9-4E1B-B90D-E702730A57FC}.Debug|x64.Build.0 = Debug|x64
		{F8FC68B7-72B9-4E1B-B90D-E702730A57FC}.Debug|x86.ActiveCfg = Debug|x86
		{F8FC68B7-72B9-4E1B-B90D-E702730A57FC}.Debug|x86.Build.0 = Debug|x86
		{F8FC68B7-72B9-4E1B-B90D-E702730A57FC}.Release|Any CPU.ActiveCfg = Release|Any CPU
		{F8FC68B7-72B9-4E1B-B90D-E702730A57FC}.Release|Any CPU.Build.0 = Release|Any CPU
		{F8FC68B7-72B9-4E1B-B90D-E702730A57FC}.Release|ARM.ActiveCfg = Release|ARM
		{F8FC68B7-72B9-4E1B-B90D-E702730A57FC}.Release|ARM.Build.0 = Release|ARM
		{F8FC68B7-72B9-4E1B-B90D-E702730A57FC}.Release|ARM64.ActiveCfg = Release|ARM64
		{F8FC68B7-72B9-4E1B-B90D-E702730A57FC}.Release|ARM64.Build.0 = Release|ARM64
		{F8FC68B7-72B9-4E1B-B90D-E702730A57FC}.Release|x64.ActiveCfg = Release|x64
		{F8FC68B7-72B9-4E1B-B90D-E702730A57FC}.Release|x64.Build.0 = Release|x64
		{F8FC68B7-72B9-4E1B-B90D-E702730A57FC}.Release|x86.ActiveCfg = Release|x86
		{F8FC68B7-72B9-4E1B-B90D-E702730A57FC}.Release|x86.Build.0 = Release|x86
		{D6102FBE-A642-489E-94A0-E85C028722F2}.Debug|Any CPU.ActiveCfg = Debug|Any CPU
		{D6102FBE-A642-489E-94A0-E85C028722F2}.Debug|Any CPU.Build.0 = Debug|Any CPU
		{D6102FBE-A642-489E-94A0-E85C028722F2}.Debug|ARM.ActiveCfg = Debug|ARM
		{D6102FBE-A642-489E-94A0-E85C028722F2}.Debug|ARM.Build.0 = Debug|ARM
		{D6102FBE-A642-489E-94A0-E85C028722F2}.Debug|ARM64.ActiveCfg = Debug|ARM64
		{D6102FBE-A642-489E-94A0-E85C028722F2}.Debug|ARM64.Build.0 = Debug|ARM64
		{D6102FBE-A642-489E-94A0-E85C028722F2}.Debug|x64.ActiveCfg = Debug|x64
		{D6102FBE-A642-489E-94A0-E85C028722F2}.Debug|x64.Build.0 = Debug|x64
		{D6102FBE-A642-489E-94A0-E85C028722F2}.Debug|x86.ActiveCfg = Debug|x86
		{D6102FBE-A642-489E-94A0-E85C028722F2}.Debug|x86.Build.0 = Debug|x86
		{D6102FBE-A642-489E-94A0-E85C028722F2}.Release|Any CPU.ActiveCfg = Release|Any CPU
		{D6102FBE-A642-489E-94A0-E85C028722F2}.Release|Any CPU.Build.0 = Release|Any CPU
		{D6102FBE-A642-489E-94A0-E85C028722F2}.Release|ARM.ActiveCfg = Release|ARM
		{D6102FBE-A642-489E-94A0-E85C028722F2}.Release|ARM.Build.0 = Release|ARM
		{D6102FBE-A642-489E-94A0-E85C028722F2}.Release|ARM64.ActiveCfg = Release|ARM64
		{D6102FBE-A642-489E-94A0-E85C028722F2}.Release|ARM64.Build.0 = Release|ARM64
		{D6102FBE-A642-489E-94A0-E85C028722F2}.Release|x64.ActiveCfg = Release|x64
		{D6102FBE-A642-489E-94A0-E85C028722F2}.Release|x64.Build.0 = Release|x64
		{D6102FBE-A642-489E-94A0-E85C028722F2}.Release|x86.ActiveCfg = Release|x86
		{D6102FBE-A642-489E-94A0-E85C028722F2}.Release|x86.Build.0 = Release|x86
		{A68CF500-47FC-4D76-B59D-E1C76C3108D3}.Debug|Any CPU.ActiveCfg = Debug|Any CPU
		{A68CF500-47FC-4D76-B59D-E1C76C3108D3}.Debug|Any CPU.Build.0 = Debug|Any CPU
		{A68CF500-47FC-4D76-B59D-E1C76C3108D3}.Debug|ARM.ActiveCfg = Debug|ARM
		{A68CF500-47FC-4D76-B59D-E1C76C3108D3}.Debug|ARM.Build.0 = Debug|ARM
		{A68CF500-47FC-4D76-B59D-E1C76C3108D3}.Debug|ARM64.ActiveCfg = Debug|ARM64
		{A68CF500-47FC-4D76-B59D-E1C76C3108D3}.Debug|ARM64.Build.0 = Debug|ARM64
		{A68CF500-47FC-4D76-B59D-E1C76C3108D3}.Debug|x64.ActiveCfg = Debug|x64
		{A68CF500-47FC-4D76-B59D-E1C76C3108D3}.Debug|x64.Build.0 = Debug|x64
		{A68CF500-47FC-4D76-B59D-E1C76C3108D3}.Debug|x86.ActiveCfg = Debug|x86
		{A68CF500-47FC-4D76-B59D-E1C76C3108D3}.Debug|x86.Build.0 = Debug|x86
		{A68CF500-47FC-4D76-B59D-E1C76C3108D3}.Release|Any CPU.ActiveCfg = Release|Any CPU
		{A68CF500-47FC-4D76-B59D-E1C76C3108D3}.Release|Any CPU.Build.0 = Release|Any CPU
		{A68CF500-47FC-4D76-B59D-E1C76C3108D3}.Release|ARM.ActiveCfg = Release|ARM
		{A68CF500-47FC-4D76-B59D-E1C76C3108D3}.Release|ARM.Build.0 = Release|ARM
		{A68CF500-47FC-4D76-B59D-E1C76C3108D3}.Release|ARM64.ActiveCfg = Release|ARM64
		{A68CF500-47FC-4D76-B59D-E1C76C3108D3}.Release|ARM64.Build.0 = Release|ARM64
		{A68CF500-47FC-4D76-B59D-E1C76C3108D3}.Release|x64.ActiveCfg = Release|x64
		{A68CF500-47FC-4D76-B59D-E1C76C3108D3}.Release|x64.Build.0 = Release|x64
		{A68CF500-47FC-4D76-B59D-E1C76C3108D3}.Release|x86.ActiveCfg = Release|x86
		{A68CF500-47FC-4D76-B59D-E1C76C3108D3}.Release|x86.Build.0 = Release|x86
		{65E518DB-C51D-435F-8043-FC636852D81A}.Debug|Any CPU.ActiveCfg = Debug|x86
		{65E518DB-C51D-435F-8043-FC636852D81A}.Debug|ARM.ActiveCfg = Debug|ARM
		{65E518DB-C51D-435F-8043-FC636852D81A}.Debug|ARM.Build.0 = Debug|ARM
		{65E518DB-C51D-435F-8043-FC636852D81A}.Debug|ARM.Deploy.0 = Debug|ARM
		{65E518DB-C51D-435F-8043-FC636852D81A}.Debug|ARM64.ActiveCfg = Debug|ARM64
		{65E518DB-C51D-435F-8043-FC636852D81A}.Debug|ARM64.Build.0 = Debug|ARM64
		{65E518DB-C51D-435F-8043-FC636852D81A}.Debug|ARM64.Deploy.0 = Debug|ARM64
		{65E518DB-C51D-435F-8043-FC636852D81A}.Debug|x64.ActiveCfg = Debug|x64
		{65E518DB-C51D-435F-8043-FC636852D81A}.Debug|x64.Build.0 = Debug|x64
		{65E518DB-C51D-435F-8043-FC636852D81A}.Debug|x64.Deploy.0 = Debug|x64
		{65E518DB-C51D-435F-8043-FC636852D81A}.Debug|x86.ActiveCfg = Debug|x86
		{65E518DB-C51D-435F-8043-FC636852D81A}.Debug|x86.Build.0 = Debug|x86
		{65E518DB-C51D-435F-8043-FC636852D81A}.Debug|x86.Deploy.0 = Debug|x86
		{65E518DB-C51D-435F-8043-FC636852D81A}.Release|Any CPU.ActiveCfg = Release|x86
		{65E518DB-C51D-435F-8043-FC636852D81A}.Release|ARM.ActiveCfg = Release|ARM
		{65E518DB-C51D-435F-8043-FC636852D81A}.Release|ARM.Build.0 = Release|ARM
		{65E518DB-C51D-435F-8043-FC636852D81A}.Release|ARM.Deploy.0 = Release|ARM
		{65E518DB-C51D-435F-8043-FC636852D81A}.Release|ARM64.ActiveCfg = Release|ARM64
		{65E518DB-C51D-435F-8043-FC636852D81A}.Release|ARM64.Build.0 = Release|ARM64
		{65E518DB-C51D-435F-8043-FC636852D81A}.Release|ARM64.Deploy.0 = Release|ARM64
		{65E518DB-C51D-435F-8043-FC636852D81A}.Release|x64.ActiveCfg = Release|x64
		{65E518DB-C51D-435F-8043-FC636852D81A}.Release|x64.Build.0 = Release|x64
		{65E518DB-C51D-435F-8043-FC636852D81A}.Release|x64.Deploy.0 = Release|x64
		{65E518DB-C51D-435F-8043-FC636852D81A}.Release|x86.ActiveCfg = Release|x86
		{65E518DB-C51D-435F-8043-FC636852D81A}.Release|x86.Build.0 = Release|x86
		{65E518DB-C51D-435F-8043-FC636852D81A}.Release|x86.Deploy.0 = Release|x86
		{B105F651-76DA-4054-B794-4A77815A7111}.Debug|Any CPU.ActiveCfg = Debug|Any CPU
		{B105F651-76DA-4054-B794-4A77815A7111}.Debug|Any CPU.Build.0 = Debug|Any CPU
		{B105F651-76DA-4054-B794-4A77815A7111}.Debug|ARM.ActiveCfg = Debug|ARM
		{B105F651-76DA-4054-B794-4A77815A7111}.Debug|ARM.Build.0 = Debug|ARM
		{B105F651-76DA-4054-B794-4A77815A7111}.Debug|ARM64.ActiveCfg = Debug|ARM64
		{B105F651-76DA-4054-B794-4A77815A7111}.Debug|ARM64.Build.0 = Debug|ARM64
		{B105F651-76DA-4054-B794-4A77815A7111}.Debug|x64.ActiveCfg = Debug|x64
		{B105F651-76DA-4054-B794-4A77815A7111}.Debug|x64.Build.0 = Debug|x64
		{B105F651-76DA-4054-B794-4A77815A7111}.Debug|x86.ActiveCfg = Debug|x86
		{B105F651-76DA-4054-B794-4A77815A7111}.Debug|x86.Build.0 = Debug|x86
		{B105F651-76DA-4054-B794-4A77815A7111}.Release|Any CPU.ActiveCfg = Release|Any CPU
		{B105F651-76DA-4054-B794-4A77815A7111}.Release|Any CPU.Build.0 = Release|Any CPU
		{B105F651-76DA-4054-B794-4A77815A7111}.Release|ARM.ActiveCfg = Release|ARM
		{B105F651-76DA-4054-B794-4A77815A7111}.Release|ARM.Build.0 = Release|ARM
		{B105F651-76DA-4054-B794-4A77815A7111}.Release|ARM64.ActiveCfg = Release|ARM64
		{B105F651-76DA-4054-B794-4A77815A7111}.Release|ARM64.Build.0 = Release|ARM64
		{B105F651-76DA-4054-B794-4A77815A7111}.Release|x64.ActiveCfg = Release|x64
		{B105F651-76DA-4054-B794-4A77815A7111}.Release|x64.Build.0 = Release|x64
		{B105F651-76DA-4054-B794-4A77815A7111}.Release|x86.ActiveCfg = Release|x86
		{B105F651-76DA-4054-B794-4A77815A7111}.Release|x86.Build.0 = Release|x86
	EndGlobalSection
	GlobalSection(SolutionProperties) = preSolution
		HideSolutionNode = FALSE
	EndGlobalSection
	GlobalSection(ExtensibilityGlobals) = postSolution
		SolutionGuid = {13402382-0909-4158-BA07-B328141DC71D}
	EndGlobalSection
EndGlobal
